
Microsoft Visual Studio Solution File, Format Version 12.00
Project("{FAE04EC0-301F-11D3-BF4B-00C04F79EFBC}") = "GherkinSyncTool", "GherkinSyncTool\GherkinSyncTool.csproj", "{1BAC2A9D-ED39-4EA0-9056-229A99067714}"
EndProject
Project("{FAE04EC0-301F-11D3-BF4B-00C04F79EFBC}") = "TestRail", "testrail-client\TestRail\TestRail.csproj", "{1F5164DB-0D20-44E2-88E9-F2CF55F3BDAB}"
EndProject
Project("{2150E333-8FDC-42A3-9474-1A3956D46DE8}") = "TestRailClient", "TestRailClient", "{4369E56B-4959-4B87-B46F-666F32339283}"
EndProject
Project("{FAE04EC0-301F-11D3-BF4B-00C04F79EFBC}") = "TestRail.Tests", "testrail-client\TestRail.Tests\TestRail.Tests.csproj", "{A3BCAC82-63CC-40A2-A33D-830BAA8EB3FA}"
EndProject
Global
	GlobalSection(SolutionConfigurationPlatforms) = preSolution
		Debug|Any CPU = Debug|Any CPU
		Release|Any CPU = Release|Any CPU
	EndGlobalSection
	GlobalSection(ProjectConfigurationPlatforms) = postSolution
		{1BAC2A9D-ED39-4EA0-9056-229A99067714}.Debug|Any CPU.ActiveCfg = Debug|Any CPU
		{1BAC2A9D-ED39-4EA0-9056-229A99067714}.Debug|Any CPU.Build.0 = Debug|Any CPU
		{1BAC2A9D-ED39-4EA0-9056-229A99067714}.Release|Any CPU.ActiveCfg = Release|Any CPU
		{1BAC2A9D-ED39-4EA0-9056-229A99067714}.Release|Any CPU.Build.0 = Release|Any CPU
		{1F5164DB-0D20-44E2-88E9-F2CF55F3BDAB}.Debug|Any CPU.ActiveCfg = Debug|Any CPU
		{1F5164DB-0D20-44E2-88E9-F2CF55F3BDAB}.Debug|Any CPU.Build.0 = Debug|Any CPU
		{1F5164DB-0D20-44E2-88E9-F2CF55F3BDAB}.Release|Any CPU.ActiveCfg = Release|Any CPU
		{1F5164DB-0D20-44E2-88E9-F2CF55F3BDAB}.Release|Any CPU.Build.0 = Release|Any CPU
		{A3BCAC82-63CC-40A2-A33D-830BAA8EB3FA}.Debug|Any CPU.ActiveCfg = Debug|Any CPU
		{A3BCAC82-63CC-40A2-A33D-830BAA8EB3FA}.Debug|Any CPU.Build.0 = Debug|Any CPU
		{A3BCAC82-63CC-40A2-A33D-830BAA8EB3FA}.Release|Any CPU.ActiveCfg = Release|Any CPU
		{A3BCAC82-63CC-40A2-A33D-830BAA8EB3FA}.Release|Any CPU.Build.0 = Release|Any CPU
	EndGlobalSection
	GlobalSection(NestedProjects) = preSolution
		{1F5164DB-0D20-44E2-88E9-F2CF55F3BDAB} = {4369E56B-4959-4B87-B46F-666F32339283}
		{A3BCAC82-63CC-40A2-A33D-830BAA8EB3FA} = {4369E56B-4959-4B87-B46F-666F32339283}
	EndGlobalSection
EndGlobal
