
Microsoft Visual Studio Solution File, Format Version 12.00
# Visual Studio Version 16
VisualStudioVersion = 16.0.30114.105
MinimumVisualStudioVersion = 10.0.40219.1
Project("{9A19103F-16F7-4668-BE54-9A1E7A4F7556}") = "Behavioral.Automation.Template.Bindings", "Behavioral.Automation.Template.Bindings\Behavioral.Automation.Template.Bindings.csproj", "{97A76E21-F1E4-49D8-B419-BAFD89B565BD}"
EndProject
Project("{9A19103F-16F7-4668-BE54-9A1E7A4F7556}") = "Behavioral.Automation.Template.Scenarios", "Behavioral.Automation.Template.Scenarios\Behavioral.Automation.Template.Scenarios.csproj", "{0958EBF8-72A6-45DA-A552-C9B18F6A1695}"
EndProject
Global
	GlobalSection(SolutionConfigurationPlatforms) = preSolution
		Debug|Any CPU = Debug|Any CPU
		Release|Any CPU = Release|Any CPU
	EndGlobalSection
	GlobalSection(ProjectConfigurationPlatforms) = postSolution
		{97A76E21-F1E4-49D8-B419-BAFD89B565BD}.Debug|Any CPU.ActiveCfg = Debug|Any CPU
		{97A76E21-F1E4-49D8-B419-BAFD89B565BD}.Debug|Any CPU.Build.0 = Debug|Any CPU
		{97A76E21-F1E4-49D8-B419-BAFD89B565BD}.Release|Any CPU.ActiveCfg = Release|Any CPU
		{97A76E21-F1E4-49D8-B419-BAFD89B565BD}.Release|Any CPU.Build.0 = Release|Any CPU
		{0958EBF8-72A6-45DA-A552-C9B18F6A1695}.Debug|Any CPU.ActiveCfg = Debug|Any CPU
		{0958EBF8-72A6-45DA-A552-C9B18F6A1695}.Debug|Any CPU.Build.0 = Debug|Any CPU
		{0958EBF8-72A6-45DA-A552-C9B18F6A1695}.Release|Any CPU.ActiveCfg = Release|Any CPU
		{0958EBF8-72A6-45DA-A552-C9B18F6A1695}.Release|Any CPU.Build.0 = Release|Any CPU
	EndGlobalSection
	GlobalSection(SolutionProperties) = preSolution
		HideSolutionNode = FALSE
	EndGlobalSection
	GlobalSection(ExtensibilityGlobals) = postSolution
		SolutionGuid = {762FF955-CF9D-4647-87C5-7F974941573C}
	EndGlobalSection
EndGlobal
